
Microsoft Visual Studio Solution File, Format Version 12.00
# Visual Studio Version 16
VisualStudioVersion = 16.0.31410.357
MinimumVisualStudioVersion = 10.0.40219.1
Project("{FAE04EC0-301F-11D3-BF4B-00C04F79EFBC}") = "MartinFowler.Refactoring.Examples", "MartinFowler.Refactoring.Examples\MartinFowler.Refactoring.Examples.csproj", "{AAB8DE17-6871-41FA-A498-8E84C8FF7E82}"
EndProject
Project("{FAE04EC0-301F-11D3-BF4B-00C04F79EFBC}") = "MartinFowler.Refactoring.Tests", "MartinFowler.Refactoring.Tests\MartinFowler.Refactoring.Tests.csproj", "{174F996E-7A06-4A8D-8557-FF78CF65CDE7}"
EndProject
Global
	GlobalSection(SolutionConfigurationPlatforms) = preSolution
		Debug|Any CPU = Debug|Any CPU
		Release|Any CPU = Release|Any CPU
	EndGlobalSection
	GlobalSection(ProjectConfigurationPlatforms) = postSolution
		{AAB8DE17-6871-41FA-A498-8E84C8FF7E82}.Debug|Any CPU.ActiveCfg = Debug|Any CPU
		{AAB8DE17-6871-41FA-A498-8E84C8FF7E82}.Debug|Any CPU.Build.0 = Debug|Any CPU
		{AAB8DE17-6871-41FA-A498-8E84C8FF7E82}.Release|Any CPU.ActiveCfg = Release|Any CPU
		{AAB8DE17-6871-41FA-A498-8E84C8FF7E82}.Release|Any CPU.Build.0 = Release|Any CPU
		{174F996E-7A06-4A8D-8557-FF78CF65CDE7}.Debug|Any CPU.ActiveCfg = Debug|Any CPU
		{174F996E-7A06-4A8D-8557-FF78CF65CDE7}.Debug|Any CPU.Build.0 = Debug|Any CPU
		{174F996E-7A06-4A8D-8557-FF78CF65CDE7}.Release|Any CPU.ActiveCfg = Release|Any CPU
		{174F996E-7A06-4A8D-8557-FF78CF65CDE7}.Release|Any CPU.Build.0 = Release|Any CPU
	EndGlobalSection
	GlobalSection(SolutionProperties) = preSolution
		HideSolutionNode = FALSE
	EndGlobalSection
	GlobalSection(ExtensibilityGlobals) = postSolution
		SolutionGuid = {05002D0A-C604-4946-BAB1-9FE5C3790971}
	EndGlobalSection
EndGlobal
